
Microsoft Visual Studio Solution File, Format Version 12.00
# Visual Studio Version 16
VisualStudioVersion = 16.0.29201.188
MinimumVisualStudioVersion = 10.0.40219.1
Project("{FAE04EC0-301F-11D3-BF4B-00C04F79EFBC}") = "Bejewelled", "Bejewelled.csproj", "{5BC29505-6026-4B7D-B702-C7207766D2B1}"
EndProject
Project("{FAE04EC0-301F-11D3-BF4B-00C04F79EFBC}") = "Jewellery", "..\Jewellery\Jewellery.csproj", "{D2C40BD6-B258-4E93-9E7B-44C687A216CF}"
EndProject
Global
	GlobalSection(SolutionConfigurationPlatforms) = preSolution
		Debug|Any CPU = Debug|Any CPU
		Release|Any CPU = Release|Any CPU
	EndGlobalSection
	GlobalSection(ProjectConfigurationPlatforms) = postSolution
		{5BC29505-6026-4B7D-B702-C7207766D2B1}.Debug|Any CPU.ActiveCfg = Debug|Any CPU
		{5BC29505-6026-4B7D-B702-C7207766D2B1}.Debug|Any CPU.Build.0 = Debug|Any CPU
		{5BC29505-6026-4B7D-B702-C7207766D2B1}.Release|Any CPU.ActiveCfg = Release|Any CPU
		{5BC29505-6026-4B7D-B702-C7207766D2B1}.Release|Any CPU.Build.0 = Release|Any CPU
		{D2C40BD6-B258-4E93-9E7B-44C687A216CF}.Debug|Any CPU.ActiveCfg = Debug|Any CPU
		{D2C40BD6-B258-4E93-9E7B-44C687A216CF}.Debug|Any CPU.Build.0 = Debug|Any CPU
		{D2C40BD6-B258-4E93-9E7B-44C687A216CF}.Release|Any CPU.ActiveCfg = Release|Any CPU
		{D2C40BD6-B258-4E93-9E7B-44C687A216CF}.Release|Any CPU.Build.0 = Release|Any CPU
	EndGlobalSection
	GlobalSection(SolutionProperties) = preSolution
		HideSolutionNode = FALSE
	EndGlobalSection
	GlobalSection(ExtensibilityGlobals) = postSolution
		SolutionGuid = {DDA8E3C0-67A2-4497-826A-BB5D8014432B}
	EndGlobalSection
EndGlobal
